{
  "nodes": {
    "nixpkgs": {
      "locked": {
        "lastModified": 1705975988,
        "narHash": "sha256-HJS/ilLkwLaFe+kPciiVuEwa90p7d7Y2FUZXuq7ztVk=",
        "owner": "NixOS",
        "repo": "nixpkgs",
        "rev": "4d3d04cfd372a0511f12b885c9822e406b00fe8e",
        "type": "github"
      },
      "original": {
        "id": "nixpkgs",
        "type": "indirect"
      }
    },
    "root": {
      "inputs": {
        "nixpkgs": "nixpkgs"
      }
    }
  },
  "root": "root",
  "version": 7
}
